// !$*UTF8*$!
{
	archiveVersion = 1;
	classes = {
	};
	objectVersion = 55;
	objects = {

/* Begin PBXBuildFile section */
		012F213C27BC055C006C6148 /* AppDelegate.swift in Sources */ = {isa = PBXBuildFile; fileRef = 012F213B27BC055C006C6148 /* AppDelegate.swift */; };
		012F213E27BC055C006C6148 /* SceneDelegate.swift in Sources */ = {isa = PBXBuildFile; fileRef = 012F213D27BC055C006C6148 /* SceneDelegate.swift */; };
		012F214027BC055C006C6148 /* NewsViewController.swift in Sources */ = {isa = PBXBuildFile; fileRef = 012F213F27BC055C006C6148 /* NewsViewController.swift */; };
		012F214327BC055C006C6148 /* Main.storyboard in Resources */ = {isa = PBXBuildFile; fileRef = 012F214127BC055C006C6148 /* Main.storyboard */; };
		012F214627BC055C006C6148 /* iScoop.xcdatamodeld in Sources */ = {isa = PBXBuildFile; fileRef = 012F214427BC055C006C6148 /* iScoop.xcdatamodeld */; };
		012F214827BC055E006C6148 /* Assets.xcassets in Resources */ = {isa = PBXBuildFile; fileRef = 012F214727BC055E006C6148 /* Assets.xcassets */; };
		012F214B27BC055E006C6148 /* LaunchScreen.storyboard in Resources */ = {isa = PBXBuildFile; fileRef = 012F214927BC055E006C6148 /* LaunchScreen.storyboard */; };
		012F215627BC055E006C6148 /* iScoopTests.swift in Sources */ = {isa = PBXBuildFile; fileRef = 012F215527BC055E006C6148 /* iScoopTests.swift */; };
		012F216027BC055E006C6148 /* iScoopUITests.swift in Sources */ = {isa = PBXBuildFile; fileRef = 012F215F27BC055E006C6148 /* iScoopUITests.swift */; };
		012F216227BC055E006C6148 /* iScoopUITestsLaunchTests.swift in Sources */ = {isa = PBXBuildFile; fileRef = 012F216127BC055E006C6148 /* iScoopUITestsLaunchTests.swift */; };
		01396C4827BC119E0014CD41 /* NetworkManager.swift in Sources */ = {isa = PBXBuildFile; fileRef = 01396C4727BC119E0014CD41 /* NetworkManager.swift */; };
		01396C4B27BC32ED0014CD41 /* Resource.swift in Sources */ = {isa = PBXBuildFile; fileRef = 01396C4A27BC32EC0014CD41 /* Resource.swift */; };
		01396C4D27BC33150014CD41 /* NetworkErrors.swift in Sources */ = {isa = PBXBuildFile; fileRef = 01396C4C27BC33150014CD41 /* NetworkErrors.swift */; };
		01396C4F27BC333B0014CD41 /* Result.swift in Sources */ = {isa = PBXBuildFile; fileRef = 01396C4E27BC333B0014CD41 /* Result.swift */; };
		01396C5127BC337A0014CD41 /* NetworkProtocol.swift in Sources */ = {isa = PBXBuildFile; fileRef = 01396C5027BC337A0014CD41 /* NetworkProtocol.swift */; };
		01396C5427BC33DF0014CD41 /* URLRequest+Extension.swift in Sources */ = {isa = PBXBuildFile; fileRef = 01396C5327BC33DF0014CD41 /* URLRequest+Extension.swift */; };
		01396C5627BC36530014CD41 /* UIView+Extension.swift in Sources */ = {isa = PBXBuildFile; fileRef = 01396C5527BC36530014CD41 /* UIView+Extension.swift */; };
		01396C5927BC3F2F0014CD41 /* HeighlightNewsCell.swift in Sources */ = {isa = PBXBuildFile; fileRef = 01396C5827BC3F2F0014CD41 /* HeighlightNewsCell.swift */; };
		01396C5B27BC3F440014CD41 /* NewsCell.swift in Sources */ = {isa = PBXBuildFile; fileRef = 01396C5A27BC3F440014CD41 /* NewsCell.swift */; };
		01396C5D27BC3F7C0014CD41 /* Constants.swift in Sources */ = {isa = PBXBuildFile; fileRef = 01396C5C27BC3F7C0014CD41 /* Constants.swift */; };
		01396C6027BC427F0014CD41 /* TopHeadline.swift in Sources */ = {isa = PBXBuildFile; fileRef = 01396C5F27BC427F0014CD41 /* TopHeadline.swift */; };
/* End PBXBuildFile section */

/* Begin PBXContainerItemProxy section */
		012F215227BC055E006C6148 /* PBXContainerItemProxy */ = {
			isa = PBXContainerItemProxy;
			containerPortal = 012F213027BC055C006C6148 /* Project object */;
			proxyType = 1;
			remoteGlobalIDString = 012F213727BC055C006C6148;
			remoteInfo = iScoop;
		};
		012F215C27BC055E006C6148 /* PBXContainerItemProxy */ = {
			isa = PBXContainerItemProxy;
			containerPortal = 012F213027BC055C006C6148 /* Project object */;
			proxyType = 1;
			remoteGlobalIDString = 012F213727BC055C006C6148;
			remoteInfo = iScoop;
		};
/* End PBXContainerItemProxy section */

/* Begin PBXFileReference section */
		012F213827BC055C006C6148 /* iScoop.app */ = {isa = PBXFileReference; explicitFileType = wrapper.application; includeInIndex = 0; path = iScoop.app; sourceTree = BUILT_PRODUCTS_DIR; };
		012F213B27BC055C006C6148 /* AppDelegate.swift */ = {isa = PBXFileReference; lastKnownFileType = sourcecode.swift; path = AppDelegate.swift; sourceTree = "<group>"; };
		012F213D27BC055C006C6148 /* SceneDelegate.swift */ = {isa = PBXFileReference; lastKnownFileType = sourcecode.swift; path = SceneDelegate.swift; sourceTree = "<group>"; };
		012F213F27BC055C006C6148 /* NewsViewController.swift */ = {isa = PBXFileReference; lastKnownFileType = sourcecode.swift; path = NewsViewController.swift; sourceTree = "<group>"; };
		012F214227BC055C006C6148 /* Base */ = {isa = PBXFileReference; lastKnownFileType = file.storyboard; name = Base; path = Base.lproj/Main.storyboard; sourceTree = "<group>"; };
		012F214527BC055C006C6148 /* iScoop.xcdatamodel */ = {isa = PBXFileReference; lastKnownFileType = wrapper.xcdatamodel; path = iScoop.xcdatamodel; sourceTree = "<group>"; };
		012F214727BC055E006C6148 /* Assets.xcassets */ = {isa = PBXFileReference; lastKnownFileType = folder.assetcatalog; path = Assets.xcassets; sourceTree = "<group>"; };
		012F214A27BC055E006C6148 /* Base */ = {isa = PBXFileReference; lastKnownFileType = file.storyboard; name = Base; path = Base.lproj/LaunchScreen.storyboard; sourceTree = "<group>"; };
		012F214C27BC055E006C6148 /* Info.plist */ = {isa = PBXFileReference; lastKnownFileType = text.plist.xml; path = Info.plist; sourceTree = "<group>"; };
		012F215127BC055E006C6148 /* iScoopTests.xctest */ = {isa = PBXFileReference; explicitFileType = wrapper.cfbundle; includeInIndex = 0; path = iScoopTests.xctest; sourceTree = BUILT_PRODUCTS_DIR; };
		012F215527BC055E006C6148 /* iScoopTests.swift */ = {isa = PBXFileReference; lastKnownFileType = sourcecode.swift; path = iScoopTests.swift; sourceTree = "<group>"; };
		012F215B27BC055E006C6148 /* iScoopUITests.xctest */ = {isa = PBXFileReference; explicitFileType = wrapper.cfbundle; includeInIndex = 0; path = iScoopUITests.xctest; sourceTree = BUILT_PRODUCTS_DIR; };
		012F215F27BC055E006C6148 /* iScoopUITests.swift */ = {isa = PBXFileReference; lastKnownFileType = sourcecode.swift; path = iScoopUITests.swift; sourceTree = "<group>"; };
		012F216127BC055E006C6148 /* iScoopUITestsLaunchTests.swift */ = {isa = PBXFileReference; lastKnownFileType = sourcecode.swift; path = iScoopUITestsLaunchTests.swift; sourceTree = "<group>"; };
		01396C4727BC119E0014CD41 /* NetworkManager.swift */ = {isa = PBXFileReference; lastKnownFileType = sourcecode.swift; path = NetworkManager.swift; sourceTree = "<group>"; };
		01396C4A27BC32EC0014CD41 /* Resource.swift */ = {isa = PBXFileReference; lastKnownFileType = sourcecode.swift; path = Resource.swift; sourceTree = "<group>"; };
		01396C4C27BC33150014CD41 /* NetworkErrors.swift */ = {isa = PBXFileReference; lastKnownFileType = sourcecode.swift; path = NetworkErrors.swift; sourceTree = "<group>"; };
		01396C4E27BC333B0014CD41 /* Result.swift */ = {isa = PBXFileReference; lastKnownFileType = sourcecode.swift; path = Result.swift; sourceTree = "<group>"; };
		01396C5027BC337A0014CD41 /* NetworkProtocol.swift */ = {isa = PBXFileReference; lastKnownFileType = sourcecode.swift; path = NetworkProtocol.swift; sourceTree = "<group>"; };
		01396C5327BC33DF0014CD41 /* URLRequest+Extension.swift */ = {isa = PBXFileReference; lastKnownFileType = sourcecode.swift; path = "URLRequest+Extension.swift"; sourceTree = "<group>"; };
		01396C5527BC36530014CD41 /* UIView+Extension.swift */ = {isa = PBXFileReference; lastKnownFileType = sourcecode.swift; path = "UIView+Extension.swift"; sourceTree = "<group>"; };
		01396C5827BC3F2F0014CD41 /* HeighlightNewsCell.swift */ = {isa = PBXFileReference; lastKnownFileType = sourcecode.swift; path = HeighlightNewsCell.swift; sourceTree = "<group>"; };
		01396C5A27BC3F440014CD41 /* NewsCell.swift */ = {isa = PBXFileReference; lastKnownFileType = sourcecode.swift; path = NewsCell.swift; sourceTree = "<group>"; };
		01396C5C27BC3F7C0014CD41 /* Constants.swift */ = {isa = PBXFileReference; lastKnownFileType = sourcecode.swift; path = Constants.swift; sourceTree = "<group>"; };
		01396C5F27BC427F0014CD41 /* TopHeadline.swift */ = {isa = PBXFileReference; lastKnownFileType = sourcecode.swift; path = TopHeadline.swift; sourceTree = "<group>"; };
/* End PBXFileReference section */

/* Begin PBXFrameworksBuildPhase section */
		012F213527BC055C006C6148 /* Frameworks */ = {
			isa = PBXFrameworksBuildPhase;
			buildActionMask = 2147483647;
			files = (
			);
			runOnlyForDeploymentPostprocessing = 0;
		};
		012F214E27BC055E006C6148 /* Frameworks */ = {
			isa = PBXFrameworksBuildPhase;
			buildActionMask = 2147483647;
			files = (
			);
			runOnlyForDeploymentPostprocessing = 0;
		};
		012F215827BC055E006C6148 /* Frameworks */ = {
			isa = PBXFrameworksBuildPhase;
			buildActionMask = 2147483647;
			files = (
			);
			runOnlyForDeploymentPostprocessing = 0;
		};
/* End PBXFrameworksBuildPhase section */

/* Begin PBXGroup section */
		012F212F27BC055C006C6148 = {
			isa = PBXGroup;
			children = (
				012F213A27BC055C006C6148 /* iScoop */,
				012F215427BC055E006C6148 /* iScoopTests */,
				012F215E27BC055E006C6148 /* iScoopUITests */,
				012F213927BC055C006C6148 /* Products */,
			);
			sourceTree = "<group>";
		};
		012F213927BC055C006C6148 /* Products */ = {
			isa = PBXGroup;
			children = (
				012F213827BC055C006C6148 /* iScoop.app */,
				012F215127BC055E006C6148 /* iScoopTests.xctest */,
				012F215B27BC055E006C6148 /* iScoopUITests.xctest */,
			);
			name = Products;
			sourceTree = "<group>";
		};
		012F213A27BC055C006C6148 /* iScoop */ = {
			isa = PBXGroup;
			children = (
				01396C5E27BC42600014CD41 /* Modals */,
				01396C5727BC3F060014CD41 /* Cells */,
				01396C5227BC33B90014CD41 /* Extensions */,
				01396C4927BC32990014CD41 /* Network */,
				01396C4627BC11830014CD41 /* Utilities */,
				01396C4527BC117A0014CD41 /* Managers */,
				01396C4427BC11590014CD41 /* ViewModels */,
				01396C4327BC114E0014CD41 /* ViewControllers */,
				01396C4227BC11360014CD41 /* Delegates */,
				012F214127BC055C006C6148 /* Main.storyboard */,
				012F214727BC055E006C6148 /* Assets.xcassets */,
				012F214927BC055E006C6148 /* LaunchScreen.storyboard */,
				012F214C27BC055E006C6148 /* Info.plist */,
				012F214427BC055C006C6148 /* iScoop.xcdatamodeld */,
			);
			path = iScoop;
			sourceTree = "<group>";
		};
		012F215427BC055E006C6148 /* iScoopTests */ = {
			isa = PBXGroup;
			children = (
				012F215527BC055E006C6148 /* iScoopTests.swift */,
			);
			path = iScoopTests;
			sourceTree = "<group>";
		};
		012F215E27BC055E006C6148 /* iScoopUITests */ = {
			isa = PBXGroup;
			children = (
				012F215F27BC055E006C6148 /* iScoopUITests.swift */,
				012F216127BC055E006C6148 /* iScoopUITestsLaunchTests.swift */,
			);
			path = iScoopUITests;
			sourceTree = "<group>";
		};
		01396C4227BC11360014CD41 /* Delegates */ = {
			isa = PBXGroup;
			children = (
				012F213B27BC055C006C6148 /* AppDelegate.swift */,
				012F213D27BC055C006C6148 /* SceneDelegate.swift */,
			);
			path = Delegates;
			sourceTree = "<group>";
		};
		01396C4327BC114E0014CD41 /* ViewControllers */ = {
			isa = PBXGroup;
			children = (
				012F213F27BC055C006C6148 /* NewsViewController.swift */,
			);
			path = ViewControllers;
			sourceTree = "<group>";
		};
		01396C4427BC11590014CD41 /* ViewModels */ = {
			isa = PBXGroup;
			children = (
			);
			path = ViewModels;
			sourceTree = "<group>";
		};
		01396C4527BC117A0014CD41 /* Managers */ = {
			isa = PBXGroup;
			children = (
				01396C4727BC119E0014CD41 /* NetworkManager.swift */,
			);
			path = Managers;
			sourceTree = "<group>";
		};
		01396C4627BC11830014CD41 /* Utilities */ = {
			isa = PBXGroup;
			children = (
				01396C5C27BC3F7C0014CD41 /* Constants.swift */,
			);
			path = Utilities;
			sourceTree = "<group>";
		};
		01396C4927BC32990014CD41 /* Network */ = {
			isa = PBXGroup;
			children = (
				01396C4A27BC32EC0014CD41 /* Resource.swift */,
				01396C4C27BC33150014CD41 /* NetworkErrors.swift */,
				01396C4E27BC333B0014CD41 /* Result.swift */,
				01396C5027BC337A0014CD41 /* NetworkProtocol.swift */,
			);
			path = Network;
			sourceTree = "<group>";
		};
		01396C5227BC33B90014CD41 /* Extensions */ = {
			isa = PBXGroup;
			children = (
				01396C5327BC33DF0014CD41 /* URLRequest+Extension.swift */,
				01396C5527BC36530014CD41 /* UIView+Extension.swift */,
			);
			path = Extensions;
			sourceTree = "<group>";
		};
		01396C5727BC3F060014CD41 /* Cells */ = {
			isa = PBXGroup;
			children = (
				01396C5827BC3F2F0014CD41 /* HeighlightNewsCell.swift */,
				01396C5A27BC3F440014CD41 /* NewsCell.swift */,
			);
			path = Cells;
			sourceTree = "<group>";
		};
		01396C5E27BC42600014CD41 /* Modals */ = {
			isa = PBXGroup;
			children = (
				01396C5F27BC427F0014CD41 /* TopHeadline.swift */,
			);
			path = Modals;
			sourceTree = "<group>";
		};
/* End PBXGroup section */

/* Begin PBXNativeTarget section */
		012F213727BC055C006C6148 /* iScoop */ = {
			isa = PBXNativeTarget;
			buildConfigurationList = 012F216527BC055E006C6148 /* Build configuration list for PBXNativeTarget "iScoop" */;
			buildPhases = (
				012F213427BC055C006C6148 /* Sources */,
				012F213527BC055C006C6148 /* Frameworks */,
				012F213627BC055C006C6148 /* Resources */,
			);
			buildRules = (
			);
			dependencies = (
			);
			name = iScoop;
			productName = iScoop;
			productReference = 012F213827BC055C006C6148 /* iScoop.app */;
			productType = "com.apple.product-type.application";
		};
		012F215027BC055E006C6148 /* iScoopTests */ = {
			isa = PBXNativeTarget;
			buildConfigurationList = 012F216827BC055E006C6148 /* Build configuration list for PBXNativeTarget "iScoopTests" */;
			buildPhases = (
				012F214D27BC055E006C6148 /* Sources */,
				012F214E27BC055E006C6148 /* Frameworks */,
				012F214F27BC055E006C6148 /* Resources */,
			);
			buildRules = (
			);
			dependencies = (
				012F215327BC055E006C6148 /* PBXTargetDependency */,
			);
			name = iScoopTests;
			productName = iScoopTests;
			productReference = 012F215127BC055E006C6148 /* iScoopTests.xctest */;
			productType = "com.apple.product-type.bundle.unit-test";
		};
		012F215A27BC055E006C6148 /* iScoopUITests */ = {
			isa = PBXNativeTarget;
			buildConfigurationList = 012F216B27BC055E006C6148 /* Build configuration list for PBXNativeTarget "iScoopUITests" */;
			buildPhases = (
				012F215727BC055E006C6148 /* Sources */,
				012F215827BC055E006C6148 /* Frameworks */,
				012F215927BC055E006C6148 /* Resources */,
			);
			buildRules = (
			);
			dependencies = (
				012F215D27BC055E006C6148 /* PBXTargetDependency */,
			);
			name = iScoopUITests;
			productName = iScoopUITests;
			productReference = 012F215B27BC055E006C6148 /* iScoopUITests.xctest */;
			productType = "com.apple.product-type.bundle.ui-testing";
		};
/* End PBXNativeTarget section */

/* Begin PBXProject section */
		012F213027BC055C006C6148 /* Project object */ = {
			isa = PBXProject;
			attributes = {
				BuildIndependentTargetsInParallel = 1;
				LastSwiftUpdateCheck = 1320;
				LastUpgradeCheck = 1320;
				TargetAttributes = {
					012F213727BC055C006C6148 = {
						CreatedOnToolsVersion = 13.2.1;
					};
					012F215027BC055E006C6148 = {
						CreatedOnToolsVersion = 13.2.1;
						TestTargetID = 012F213727BC055C006C6148;
					};
					012F215A27BC055E006C6148 = {
						CreatedOnToolsVersion = 13.2.1;
						TestTargetID = 012F213727BC055C006C6148;
					};
				};
			};
			buildConfigurationList = 012F213327BC055C006C6148 /* Build configuration list for PBXProject "iScoop" */;
			compatibilityVersion = "Xcode 13.0";
			developmentRegion = en;
			hasScannedForEncodings = 0;
			knownRegions = (
				en,
				Base,
			);
			mainGroup = 012F212F27BC055C006C6148;
			productRefGroup = 012F213927BC055C006C6148 /* Products */;
			projectDirPath = "";
			projectRoot = "";
			targets = (
				012F213727BC055C006C6148 /* iScoop */,
				012F215027BC055E006C6148 /* iScoopTests */,
				012F215A27BC055E006C6148 /* iScoopUITests */,
			);
		};
/* End PBXProject section */

/* Begin PBXResourcesBuildPhase section */
		012F213627BC055C006C6148 /* Resources */ = {
			isa = PBXResourcesBuildPhase;
			buildActionMask = 2147483647;
			files = (
				012F214B27BC055E006C6148 /* LaunchScreen.storyboard in Resources */,
				012F214827BC055E006C6148 /* Assets.xcassets in Resources */,
				012F214327BC055C006C6148 /* Main.storyboard in Resources */,
			);
			runOnlyForDeploymentPostprocessing = 0;
		};
		012F214F27BC055E006C6148 /* Resources */ = {
			isa = PBXResourcesBuildPhase;
			buildActionMask = 2147483647;
			files = (
			);
			runOnlyForDeploymentPostprocessing = 0;
		};
		012F215927BC055E006C6148 /* Resources */ = {
			isa = PBXResourcesBuildPhase;
			buildActionMask = 2147483647;
			files = (
			);
			runOnlyForDeploymentPostprocessing = 0;
		};
/* End PBXResourcesBuildPhase section */

/* Begin PBXSourcesBuildPhase section */
		012F213427BC055C006C6148 /* Sources */ = {
			isa = PBXSourcesBuildPhase;
			buildActionMask = 2147483647;
			files = (
				01396C5627BC36530014CD41 /* UIView+Extension.swift in Sources */,
				012F214627BC055C006C6148 /* iScoop.xcdatamodeld in Sources */,
				012F214027BC055C006C6148 /* NewsViewController.swift in Sources */,
				01396C4827BC119E0014CD41 /* NetworkManager.swift in Sources */,
				01396C4D27BC33150014CD41 /* NetworkErrors.swift in Sources */,
				01396C6027BC427F0014CD41 /* TopHeadline.swift in Sources */,
				01396C4B27BC32ED0014CD41 /* Resource.swift in Sources */,
				01396C5427BC33DF0014CD41 /* URLRequest+Extension.swift in Sources */,
				01396C5127BC337A0014CD41 /* NetworkProtocol.swift in Sources */,
				012F213C27BC055C006C6148 /* AppDelegate.swift in Sources */,
				01396C5927BC3F2F0014CD41 /* HeighlightNewsCell.swift in Sources */,
				01396C4F27BC333B0014CD41 /* Result.swift in Sources */,
				01396C5D27BC3F7C0014CD41 /* Constants.swift in Sources */,
				01396C5B27BC3F440014CD41 /* NewsCell.swift in Sources */,
				012F213E27BC055C006C6148 /* SceneDelegate.swift in Sources */,
			);
			runOnlyForDeploymentPostprocessing = 0;
		};
		012F214D27BC055E006C6148 /* Sources */ = {
			isa = PBXSourcesBuildPhase;
			buildActionMask = 2147483647;
			files = (
				012F215627BC055E006C6148 /* iScoopTests.swift in Sources */,
			);
			runOnlyForDeploymentPostprocessing = 0;
		};
		012F215727BC055E006C6148 /* Sources */ = {
			isa = PBXSourcesBuildPhase;
			buildActionMask = 2147483647;
			files = (
				012F216027BC055E006C6148 /* iScoopUITests.swift in Sources */,
				012F216227BC055E006C6148 /* iScoopUITestsLaunchTests.swift in Sources */,
			);
			runOnlyForDeploymentPostprocessing = 0;
		};
/* End PBXSourcesBuildPhase section */

/* Begin PBXTargetDependency section */
		012F215327BC055E006C6148 /* PBXTargetDependency */ = {
			isa = PBXTargetDependency;
			target = 012F213727BC055C006C6148 /* iScoop */;
			targetProxy = 012F215227BC055E006C6148 /* PBXContainerItemProxy */;
		};
		012F215D27BC055E006C6148 /* PBXTargetDependency */ = {
			isa = PBXTargetDependency;
			target = 012F213727BC055C006C6148 /* iScoop */;
			targetProxy = 012F215C27BC055E006C6148 /* PBXContainerItemProxy */;
		};
/* End PBXTargetDependency section */

/* Begin PBXVariantGroup section */
		012F214127BC055C006C6148 /* Main.storyboard */ = {
			isa = PBXVariantGroup;
			children = (
				012F214227BC055C006C6148 /* Base */,
			);
			name = Main.storyboard;
			sourceTree = "<group>";
		};
		012F214927BC055E006C6148 /* LaunchScreen.storyboard */ = {
			isa = PBXVariantGroup;
			children = (
				012F214A27BC055E006C6148 /* Base */,
			);
			name = LaunchScreen.storyboard;
			sourceTree = "<group>";
		};
/* End PBXVariantGroup section */

/* Begin XCBuildConfiguration section */
		012F216327BC055E006C6148 /* Debug */ = {
			isa = XCBuildConfiguration;
			buildSettings = {
				ALWAYS_SEARCH_USER_PATHS = NO;
				CLANG_ANALYZER_NONNULL = YES;
				CLANG_ANALYZER_NUMBER_OBJECT_CONVERSION = YES_AGGRESSIVE;
				CLANG_CXX_LANGUAGE_STANDARD = "gnu++17";
				CLANG_CXX_LIBRARY = "libc++";
				CLANG_ENABLE_MODULES = YES;
				CLANG_ENABLE_OBJC_ARC = YES;
				CLANG_ENABLE_OBJC_WEAK = YES;
				CLANG_WARN_BLOCK_CAPTURE_AUTORELEASING = YES;
				CLANG_WARN_BOOL_CONVERSION = YES;
				CLANG_WARN_COMMA = YES;
				CLANG_WARN_CONSTANT_CONVERSION = YES;
				CLANG_WARN_DEPRECATED_OBJC_IMPLEMENTATIONS = YES;
				CLANG_WARN_DIRECT_OBJC_ISA_USAGE = YES_ERROR;
				CLANG_WARN_DOCUMENTATION_COMMENTS = YES;
				CLANG_WARN_EMPTY_BODY = YES;
				CLANG_WARN_ENUM_CONVERSION = YES;
				CLANG_WARN_INFINITE_RECURSION = YES;
				CLANG_WARN_INT_CONVERSION = YES;
				CLANG_WARN_NON_LITERAL_NULL_CONVERSION = YES;
				CLANG_WARN_OBJC_IMPLICIT_RETAIN_SELF = YES;
				CLANG_WARN_OBJC_LITERAL_CONVERSION = YES;
				CLANG_WARN_OBJC_ROOT_CLASS = YES_ERROR;
				CLANG_WARN_QUOTED_INCLUDE_IN_FRAMEWORK_HEADER = YES;
				CLANG_WARN_RANGE_LOOP_ANALYSIS = YES;
				CLANG_WARN_STRICT_PROTOTYPES = YES;
				CLANG_WARN_SUSPICIOUS_MOVE = YES;
				CLANG_WARN_UNGUARDED_AVAILABILITY = YES_AGGRESSIVE;
				CLANG_WARN_UNREACHABLE_CODE = YES;
				CLANG_WARN__DUPLICATE_METHOD_MATCH = YES;
				COPY_PHASE_STRIP = NO;
				DEBUG_INFORMATION_FORMAT = dwarf;
				ENABLE_STRICT_OBJC_MSGSEND = YES;
				ENABLE_TESTABILITY = YES;
				GCC_C_LANGUAGE_STANDARD = gnu11;
				GCC_DYNAMIC_NO_PIC = NO;
				GCC_NO_COMMON_BLOCKS = YES;
				GCC_OPTIMIZATION_LEVEL = 0;
				GCC_PREPROCESSOR_DEFINITIONS = (
					"DEBUG=1",
					"$(inherited)",
				);
				GCC_WARN_64_TO_32_BIT_CONVERSION = YES;
				GCC_WARN_ABOUT_RETURN_TYPE = YES_ERROR;
				GCC_WARN_UNDECLARED_SELECTOR = YES;
				GCC_WARN_UNINITIALIZED_AUTOS = YES_AGGRESSIVE;
				GCC_WARN_UNUSED_FUNCTION = YES;
				GCC_WARN_UNUSED_VARIABLE = YES;
				IPHONEOS_DEPLOYMENT_TARGET = 15.2;
				MTL_ENABLE_DEBUG_INFO = INCLUDE_SOURCE;
				MTL_FAST_MATH = YES;
				ONLY_ACTIVE_ARCH = YES;
				SDKROOT = iphoneos;
				SWIFT_ACTIVE_COMPILATION_CONDITIONS = DEBUG;
				SWIFT_OPTIMIZATION_LEVEL = "-Onone";
			};
			name = Debug;
		};
		012F216427BC055E006C6148 /* Release */ = {
			isa = XCBuildConfiguration;
			buildSettings = {
				ALWAYS_SEARCH_USER_PATHS = NO;
				CLANG_ANALYZER_NONNULL = YES;
				CLANG_ANALYZER_NUMBER_OBJECT_CONVERSION = YES_AGGRESSIVE;
				CLANG_CXX_LANGUAGE_STANDARD = "gnu++17";
				CLANG_CXX_LIBRARY = "libc++";
				CLANG_ENABLE_MODULES = YES;
				CLANG_ENABLE_OBJC_ARC = YES;
				CLANG_ENABLE_OBJC_WEAK = YES;
				CLANG_WARN_BLOCK_CAPTURE_AUTORELEASING = YES;
				CLANG_WARN_BOOL_CONVERSION = YES;
				CLANG_WARN_COMMA = YES;
				CLANG_WARN_CONSTANT_CONVERSION = YES;
				CLANG_WARN_DEPRECATED_OBJC_IMPLEMENTATIONS = YES;
				CLANG_WARN_DIRECT_OBJC_ISA_USAGE = YES_ERROR;
				CLANG_WARN_DOCUMENTATION_COMMENTS = YES;
				CLANG_WARN_EMPTY_BODY = YES;
				CLANG_WARN_ENUM_CONVERSION = YES;
				CLANG_WARN_INFINITE_RECURSION = YES;
				CLANG_WARN_INT_CONVERSION = YES;
				CLANG_WARN_NON_LITERAL_NULL_CONVERSION = YES;
				CLANG_WARN_OBJC_IMPLICIT_RETAIN_SELF = YES;
				CLANG_WARN_OBJC_LITERAL_CONVERSION = YES;
				CLANG_WARN_OBJC_ROOT_CLASS = YES_ERROR;
				CLANG_WARN_QUOTED_INCLUDE_IN_FRAMEWORK_HEADER = YES;
				CLANG_WARN_RANGE_LOOP_ANALYSIS = YES;
				CLANG_WARN_STRICT_PROTOTYPES = YES;
				CLANG_WARN_SUSPICIOUS_MOVE = YES;
				CLANG_WARN_UNGUARDED_AVAILABILITY = YES_AGGRESSIVE;
				CLANG_WARN_UNREACHABLE_CODE = YES;
				CLANG_WARN__DUPLICATE_METHOD_MATCH = YES;
				COPY_PHASE_STRIP = NO;
				DEBUG_INFORMATION_FORMAT = "dwarf-with-dsym";
				ENABLE_NS_ASSERTIONS = NO;
				ENABLE_STRICT_OBJC_MSGSEND = YES;
				GCC_C_LANGUAGE_STANDARD = gnu11;
				GCC_NO_COMMON_BLOCKS = YES;
				GCC_WARN_64_TO_32_BIT_CONVERSION = YES;
				GCC_WARN_ABOUT_RETURN_TYPE = YES_ERROR;
				GCC_WARN_UNDECLARED_SELECTOR = YES;
				GCC_WARN_UNINITIALIZED_AUTOS = YES_AGGRESSIVE;
				GCC_WARN_UNUSED_FUNCTION = YES;
				GCC_WARN_UNUSED_VARIABLE = YES;
				IPHONEOS_DEPLOYMENT_TARGET = 15.2;
				MTL_ENABLE_DEBUG_INFO = NO;
				MTL_FAST_MATH = YES;
				SDKROOT = iphoneos;
				SWIFT_COMPILATION_MODE = wholemodule;
				SWIFT_OPTIMIZATION_LEVEL = "-O";
				VALIDATE_PRODUCT = YES;
			};
			name = Release;
		};
		012F216627BC055E006C6148 /* Debug */ = {
			isa = XCBuildConfiguration;
			buildSettings = {
				ASSETCATALOG_COMPILER_APPICON_NAME = AppIcon;
				ASSETCATALOG_COMPILER_GLOBAL_ACCENT_COLOR_NAME = AccentColor;
				CODE_SIGN_STYLE = Automatic;
				CURRENT_PROJECT_VERSION = 1;
				DEVELOPMENT_TEAM = HMAJTGF86D;
				GENERATE_INFOPLIST_FILE = YES;
				INFOPLIST_FILE = iScoop/Info.plist;
				INFOPLIST_KEY_UIApplicationSupportsIndirectInputEvents = YES;
				INFOPLIST_KEY_UILaunchStoryboardName = LaunchScreen;
				INFOPLIST_KEY_UIMainStoryboardFile = Main;
				INFOPLIST_KEY_UISupportedInterfaceOrientations_iPad = "UIInterfaceOrientationPortrait UIInterfaceOrientationPortraitUpsideDown UIInterfaceOrientationLandscapeLeft UIInterfaceOrientationLandscapeRight";
				INFOPLIST_KEY_UISupportedInterfaceOrientations_iPhone = "UIInterfaceOrientationPortrait UIInterfaceOrientationLandscapeLeft UIInterfaceOrientationLandscapeRight";
				LD_RUNPATH_SEARCH_PATHS = (
					"$(inherited)",
					"@executable_path/Frameworks",
				);
				MARKETING_VERSION = 1.0;
				PRODUCT_BUNDLE_IDENTIFIER = com.io.iScoop;
				PRODUCT_NAME = "$(TARGET_NAME)";
				SWIFT_EMIT_LOC_STRINGS = YES;
				SWIFT_VERSION = 5.0;
				TARGETED_DEVICE_FAMILY = "1,2";
			};
			name = Debug;
		};
		012F216727BC055E006C6148 /* Release */ = {
			isa = XCBuildConfiguration;
			buildSettings = {
				ASSETCATALOG_COMPILER_APPICON_NAME = AppIcon;
				ASSETCATALOG_COMPILER_GLOBAL_ACCENT_COLOR_NAME = AccentColor;
				CODE_SIGN_STYLE = Automatic;
				CURRENT_PROJECT_VERSION = 1;
				DEVELOPMENT_TEAM = HMAJTGF86D;
				GENERATE_INFOPLIST_FILE = YES;
				INFOPLIST_FILE = iScoop/Info.plist;
				INFOPLIST_KEY_UIApplicationSupportsIndirectInputEvents = YES;
				INFOPLIST_KEY_UILaunchStoryboardName = LaunchScreen;
				INFOPLIST_KEY_UIMainStoryboardFile = Main;
				INFOPLIST_KEY_UISupportedInterfaceOrientations_iPad = "UIInterfaceOrientationPortrait UIInterfaceOrientationPortraitUpsideDown UIInterfaceOrientationLandscapeLeft UIInterfaceOrientationLandscapeRight";
				INFOPLIST_KEY_UISupportedInterfaceOrientations_iPhone = "UIInterfaceOrientationPortrait UIInterfaceOrientationLandscapeLeft UIInterfaceOrientationLandscapeRight";
				LD_RUNPATH_SEARCH_PATHS = (
					"$(inherited)",
					"@executable_path/Frameworks",
				);
				MARKETING_VERSION = 1.0;
				PRODUCT_BUNDLE_IDENTIFIER = com.io.iScoop;
				PRODUCT_NAME = "$(TARGET_NAME)";
				SWIFT_EMIT_LOC_STRINGS = YES;
				SWIFT_VERSION = 5.0;
				TARGETED_DEVICE_FAMILY = "1,2";
			};
			name = Release;
		};
		012F216927BC055E006C6148 /* Debug */ = {
			isa = XCBuildConfiguration;
			buildSettings = {
				ALWAYS_EMBED_SWIFT_STANDARD_LIBRARIES = YES;
				BUNDLE_LOADER = "$(TEST_HOST)";
				CODE_SIGN_STYLE = Automatic;
				CURRENT_PROJECT_VERSION = 1;
				DEVELOPMENT_TEAM = HMAJTGF86D;
				GENERATE_INFOPLIST_FILE = YES;
				IPHONEOS_DEPLOYMENT_TARGET = 15.2;
				MARKETING_VERSION = 1.0;
				PRODUCT_BUNDLE_IDENTIFIER = com.io.iScoopTests;
				PRODUCT_NAME = "$(TARGET_NAME)";
				SWIFT_EMIT_LOC_STRINGS = NO;
				SWIFT_VERSION = 5.0;
				TARGETED_DEVICE_FAMILY = "1,2";
				TEST_HOST = "$(BUILT_PRODUCTS_DIR)/iScoop.app/iScoop";
			};
			name = Debug;
		};
		012F216A27BC055E006C6148 /* Release */ = {
			isa = XCBuildConfiguration;
			buildSettings = {
				ALWAYS_EMBED_SWIFT_STANDARD_LIBRARIES = YES;
				BUNDLE_LOADER = "$(TEST_HOST)";
				CODE_SIGN_STYLE = Automatic;
				CURRENT_PROJECT_VERSION = 1;
				DEVELOPMENT_TEAM = HMAJTGF86D;
				GENERATE_INFOPLIST_FILE = YES;
				IPHONEOS_DEPLOYMENT_TARGET = 15.2;
				MARKETING_VERSION = 1.0;
				PRODUCT_BUNDLE_IDENTIFIER = com.io.iScoopTests;
				PRODUCT_NAME = "$(TARGET_NAME)";
				SWIFT_EMIT_LOC_STRINGS = NO;
				SWIFT_VERSION = 5.0;
				TARGETED_DEVICE_FAMILY = "1,2";
				TEST_HOST = "$(BUILT_PRODUCTS_DIR)/iScoop.app/iScoop";
			};
			name = Release;
		};
		012F216C27BC055E006C6148 /* Debug */ = {
			isa = XCBuildConfiguration;
			buildSettings = {
				ALWAYS_EMBED_SWIFT_STANDARD_LIBRARIES = YES;
				CODE_SIGN_STYLE = Automatic;
				CURRENT_PROJECT_VERSION = 1;
				DEVELOPMENT_TEAM = HMAJTGF86D;
				GENERATE_INFOPLIST_FILE = YES;
				MARKETING_VERSION = 1.0;
				PRODUCT_BUNDLE_IDENTIFIER = com.io.iScoopUITests;
				PRODUCT_NAME = "$(TARGET_NAME)";
				SWIFT_EMIT_LOC_STRINGS = NO;
				SWIFT_VERSION = 5.0;
				TARGETED_DEVICE_FAMILY = "1,2";
				TEST_TARGET_NAME = iScoop;
			};
			name = Debug;
		};
		012F216D27BC055E006C6148 /* Release */ = {
			isa = XCBuildConfiguration;
			buildSettings = {
				ALWAYS_EMBED_SWIFT_STANDARD_LIBRARIES = YES;
				CODE_SIGN_STYLE = Automatic;
				CURRENT_PROJECT_VERSION = 1;
				DEVELOPMENT_TEAM = HMAJTGF86D;
				GENERATE_INFOPLIST_FILE = YES;
				MARKETING_VERSION = 1.0;
				PRODUCT_BUNDLE_IDENTIFIER = com.io.iScoopUITests;
				PRODUCT_NAME = "$(TARGET_NAME)";
				SWIFT_EMIT_LOC_STRINGS = NO;
				SWIFT_VERSION = 5.0;
				TARGETED_DEVICE_FAMILY = "1,2";
				TEST_TARGET_NAME = iScoop;
			};
			name = Release;
		};
/* End XCBuildConfiguration section */

/* Begin XCConfigurationList section */
		012F213327BC055C006C6148 /* Build configuration list for PBXProject "iScoop" */ = {
			isa = XCConfigurationList;
			buildConfigurations = (
				012F216327BC055E006C6148 /* Debug */,
				012F216427BC055E006C6148 /* Release */,
			);
			defaultConfigurationIsVisible = 0;
			defaultConfigurationName = Release;
		};
		012F216527BC055E006C6148 /* Build configuration list for PBXNativeTarget "iScoop" */ = {
			isa = XCConfigurationList;
			buildConfigurations = (
				012F216627BC055E006C6148 /* Debug */,
				012F216727BC055E006C6148 /* Release */,
			);
			defaultConfigurationIsVisible = 0;
			defaultConfigurationName = Release;
		};
		012F216827BC055E006C6148 /* Build configuration list for PBXNativeTarget "iScoopTests" */ = {
			isa = XCConfigurationList;
			buildConfigurations = (
				012F216927BC055E006C6148 /* Debug */,
				012F216A27BC055E006C6148 /* Release */,
			);
			defaultConfigurationIsVisible = 0;
			defaultConfigurationName = Release;
		};
		012F216B27BC055E006C6148 /* Build configuration list for PBXNativeTarget "iScoopUITests" */ = {
			isa = XCConfigurationList;
			buildConfigurations = (
				012F216C27BC055E006C6148 /* Debug */,
				012F216D27BC055E006C6148 /* Release */,
			);
			defaultConfigurationIsVisible = 0;
			defaultConfigurationName = Release;
		};
/* End XCConfigurationList section */

/* Begin XCVersionGroup section */
		012F214427BC055C006C6148 /* iScoop.xcdatamodeld */ = {
			isa = XCVersionGroup;
			children = (
				012F214527BC055C006C6148 /* iScoop.xcdatamodel */,
			);
			currentVersion = 012F214527BC055C006C6148 /* iScoop.xcdatamodel */;
			path = iScoop.xcdatamodeld;
			sourceTree = "<group>";
			versionGroupType = wrapper.xcdatamodel;
		};
/* End XCVersionGroup section */
	};
	rootObject = 012F213027BC055C006C6148 /* Project object */;
}
